Microsoft Visual Studio Solution File, Format Version 11.00
# Visual Studio 2008

Project("{BA134222-14E0-9C70-0DDF-3D59942402DB}") = "Scattered Relief", "Assembly-CSharp-firstpass.csproj", "{A8233DC8-A722-B7B7-5ECD-9C1B7E80CA15}"
EndProject
Project("{BA134222-14E0-9C70-0DDF-3D59942402DB}") = "Scattered Relief", "Assembly-CSharp.csproj", "{EE59872D-2C7A-848C-2E2F-56A46C437CF8}"
EndProject
Project("{BA134222-14E0-9C70-0DDF-3D59942402DB}") = "Scattered Relief", "Assembly-CSharp-Editor.csproj", "{63F151D8-0C2D-5325-B2E9-1C3F39AC779E}"
EndProject
Global
	GlobalSection(SolutionConfigurationPlatforms) = preSolution
		Debug|Any CPU = Debug|Any CPU
		Release|Any CPU = Release|Any CPU
	EndGlobalSection
	GlobalSection(ProjectConfigurationPlatforms) = postSolution
		{A8233DC8-A722-B7B7-5ECD-9C1B7E80CA15}.Debug|Any CPU.ActiveCfg = Debug|Any CPU
		{A8233DC8-A722-B7B7-5ECD-9C1B7E80CA15}.Debug|Any CPU.Build.0 = Debug|Any CPU
		{A8233DC8-A722-B7B7-5ECD-9C1B7E80CA15}.Release|Any CPU.ActiveCfg = Release|Any CPU
		{A8233DC8-A722-B7B7-5ECD-9C1B7E80CA15}.Release|Any CPU.Build.0 = Release|Any CPU
		{EE59872D-2C7A-848C-2E2F-56A46C437CF8}.Debug|Any CPU.ActiveCfg = Debug|Any CPU
		{EE59872D-2C7A-848C-2E2F-56A46C437CF8}.Debug|Any CPU.Build.0 = Debug|Any CPU
		{EE59872D-2C7A-848C-2E2F-56A46C437CF8}.Release|Any CPU.ActiveCfg = Release|Any CPU
		{EE59872D-2C7A-848C-2E2F-56A46C437CF8}.Release|Any CPU.Build.0 = Release|Any CPU
		{63F151D8-0C2D-5325-B2E9-1C3F39AC779E}.Debug|Any CPU.ActiveCfg = Debug|Any CPU
		{63F151D8-0C2D-5325-B2E9-1C3F39AC779E}.Debug|Any CPU.Build.0 = Debug|Any CPU
		{63F151D8-0C2D-5325-B2E9-1C3F39AC779E}.Release|Any CPU.ActiveCfg = Release|Any CPU
		{63F151D8-0C2D-5325-B2E9-1C3F39AC779E}.Release|Any CPU.Build.0 = Release|Any CPU
	EndGlobalSection
	GlobalSection(SolutionProperties) = preSolution
		HideSolutionNode = FALSE
	EndGlobalSection
																																																																																																																GlobalSection(MonoDevelopProperties) = preSolution
		StartupItem = Assembly-CSharp.csproj
		Policies = $0
		$0.TextStylePolicy = $1
		$1.inheritsSet = null
		$1.scope = text/x-csharp
		$0.CSharpFormattingPolicy = $2
		$2.inheritsSet = Mono
		$2.inheritsScope = text/x-csharp
		$2.scope = text/x-csharp
		$0.TextStylePolicy = $3
		$3.FileWidth = 120
		$3.TabWidth = 4
		$3.IndentWidth = 4
		$3.EolMarker = Unix
		$3.inheritsSet = Mono
		$3.inheritsScope = text/plain
		$3.scope = text/plain
	EndGlobalSection

EndGlobal
